// !$*UTF8*$!
{
	archiveVersion = 1;
	classes = {
	};
	objectVersion = 50;
	objects = {

/* Begin PBXBuildFile section */
		55F837BD209995A600ED91BA /* AppDelegate.swift in Sources */ = {isa = PBXBuildFile; fileRef = 55F837BC209995A600ED91BA /* AppDelegate.swift */; };
		55F837BF209995A600ED91BA /* ViewController.swift in Sources */ = {isa = PBXBuildFile; fileRef = 55F837BE209995A600ED91BA /* ViewController.swift */; };
		55F837C2209995A600ED91BA /* Main.storyboard in Resources */ = {isa = PBXBuildFile; fileRef = 55F837C0209995A600ED91BA /* Main.storyboard */; };
		55F837C7209995A700ED91BA /* LaunchScreen.storyboard in Resources */ = {isa = PBXBuildFile; fileRef = 55F837C5209995A700ED91BA /* LaunchScreen.storyboard */; };
		55F837D2209995A700ED91BA /* honjosuzuTests.swift in Sources */ = {isa = PBXBuildFile; fileRef = 55F837D1209995A700ED91BA /* honjosuzuTests.swift */; };
		55F837DD209995A700ED91BA /* honjosuzuUITests.swift in Sources */ = {isa = PBXBuildFile; fileRef = 55F837DC209995A700ED91BA /* honjosuzuUITests.swift */; };
		55F837EB2099981600ED91BA /* Media.xcassets in Resources */ = {isa = PBXBuildFile; fileRef = 55F837EA2099981600ED91BA /* Media.xcassets */; };
		55F837ED2099993000ED91BA /* honjosuzuViewController.swift in Sources */ = {isa = PBXBuildFile; fileRef = 55F837EC2099993000ED91BA /* honjosuzuViewController.swift */; };
/* End PBXBuildFile section */

/* Begin PBXContainerItemProxy section */
		55F837CE209995A700ED91BA /* PBXContainerItemProxy */ = {
			isa = PBXContainerItemProxy;
			containerPortal = 55F837B1209995A600ED91BA /* Project object */;
			proxyType = 1;
			remoteGlobalIDString = 55F837B8209995A600ED91BA;
			remoteInfo = honjosuzu;
		};
		55F837D9209995A700ED91BA /* PBXContainerItemProxy */ = {
			isa = PBXContainerItemProxy;
			containerPortal = 55F837B1209995A600ED91BA /* Project object */;
			proxyType = 1;
			remoteGlobalIDString = 55F837B8209995A600ED91BA;
			remoteInfo = honjosuzu;
		};
/* End PBXContainerItemProxy section */

/* Begin PBXFileReference section */
		55F837B9209995A600ED91BA /* honjosuzu.app */ = {isa = PBXFileReference; explicitFileType = wrapper.application; includeInIndex = 0; path = honjosuzu.app; sourceTree = BUILT_PRODUCTS_DIR; };
		55F837BC209995A600ED91BA /* AppDelegate.swift */ = {isa = PBXFileReference; lastKnownFileType = sourcecode.swift; path = AppDelegate.swift; sourceTree = "<group>"; };
		55F837BE209995A600ED91BA /* ViewController.swift */ = {isa = PBXFileReference; lastKnownFileType = sourcecode.swift; path = ViewController.swift; sourceTree = "<group>"; };
		55F837C1209995A600ED91BA /* Base */ = {isa = PBXFileReference; lastKnownFileType = file.storyboard; name = Base; path = Base.lproj/Main.storyboard; sourceTree = "<group>"; };
		55F837C6209995A700ED91BA /* Base */ = {isa = PBXFileReference; lastKnownFileType = file.storyboard; name = Base; path = Base.lproj/LaunchScreen.storyboard; sourceTree = "<group>"; };
		55F837C8209995A700ED91BA /* Info.plist */ = {isa = PBXFileReference; lastKnownFileType = text.plist.xml; path = Info.plist; sourceTree = "<group>"; };
		55F837CD209995A700ED91BA /* honjosuzuTests.xctest */ = {isa = PBXFileReference; explicitFileType = wrapper.cfbundle; includeInIndex = 0; path = honjosuzuTests.xctest; sourceTree = BUILT_PRODUCTS_DIR; };
		55F837D1209995A700ED91BA /* honjosuzuTests.swift */ = {isa = PBXFileReference; lastKnownFileType = sourcecode.swift; path = honjosuzuTests.swift; sourceTree = "<group>"; };
		55F837D3209995A700ED91BA /* Info.plist */ = {isa = PBXFileReference; lastKnownFileType = text.plist.xml; path = Info.plist; sourceTree = "<group>"; };
		55F837D8209995A700ED91BA /* honjosuzuUITests.xctest */ = {isa = PBXFileReference; explicitFileType = wrapper.cfbundle; includeInIndex = 0; path = honjosuzuUITests.xctest; sourceTree = BUILT_PRODUCTS_DIR; };
		55F837DC209995A700ED91BA /* honjosuzuUITests.swift */ = {isa = PBXFileReference; lastKnownFileType = sourcecode.swift; path = honjosuzuUITests.swift; sourceTree = "<group>"; };
		55F837DE209995A700ED91BA /* Info.plist */ = {isa = PBXFileReference; lastKnownFileType = text.plist.xml; path = Info.plist; sourceTree = "<group>"; };
		55F837EA2099981600ED91BA /* Media.xcassets */ = {isa = PBXFileReference; lastKnownFileType = folder.assetcatalog; path = Media.xcassets; sourceTree = "<group>"; };
		55F837EC2099993000ED91BA /* honjosuzuViewController.swift */ = {isa = PBXFileReference; lastKnownFileType = sourcecode.swift; path = honjosuzuViewController.swift; sourceTree = "<group>"; };
/* End PBXFileReference section */

/* Begin PBXFrameworksBuildPhase section */
		55F837B6209995A600ED91BA /* Frameworks */ = {
			isa = PBXFrameworksBuildPhase;
			buildActionMask = 2147483647;
			files = (
			);
			runOnlyForDeploymentPostprocessing = 0;
		};
		55F837CA209995A700ED91BA /* Frameworks */ = {
			isa = PBXFrameworksBuildPhase;
			buildActionMask = 2147483647;
			files = (
			);
			runOnlyForDeploymentPostprocessing = 0;
		};
		55F837D5209995A700ED91BA /* Frameworks */ = {
			isa = PBXFrameworksBuildPhase;
			buildActionMask = 2147483647;
			files = (
			);
			runOnlyForDeploymentPostprocessing = 0;
		};
/* End PBXFrameworksBuildPhase section */

/* Begin PBXGroup section */
		55F837B0209995A600ED91BA = {
			isa = PBXGroup;
			children = (
				55F837BB209995A600ED91BA /* honjosuzu */,
				55F837D0209995A700ED91BA /* honjosuzuTests */,
				55F837DB209995A700ED91BA /* honjosuzuUITests */,
				55F837BA209995A600ED91BA /* Products */,
			);
			sourceTree = "<group>";
		};
		55F837BA209995A600ED91BA /* Products */ = {
			isa = PBXGroup;
			children = (
				55F837B9209995A600ED91BA /* honjosuzu.app */,
				55F837CD209995A700ED91BA /* honjosuzuTests.xctest */,
				55F837D8209995A700ED91BA /* honjosuzuUITests.xctest */,
			);
			name = Products;
			sourceTree = "<group>";
		};
		55F837BB209995A600ED91BA /* honjosuzu */ = {
			isa = PBXGroup;
			children = (
				55F837BC209995A600ED91BA /* AppDelegate.swift */,
				55F837BE209995A600ED91BA /* ViewController.swift */,
				55F837C0209995A600ED91BA /* Main.storyboard */,
				55F837EC2099993000ED91BA /* honjosuzuViewController.swift */,
				55F837C5209995A700ED91BA /* LaunchScreen.storyboard */,
				55F837EA2099981600ED91BA /* Media.xcassets */,
				55F837C8209995A700ED91BA /* Info.plist */,
			);
			path = honjosuzu;
			sourceTree = "<group>";
		};
		55F837D0209995A700ED91BA /* honjosuzuTests */ = {
			isa = PBXGroup;
			children = (
				55F837D1209995A700ED91BA /* honjosuzuTests.swift */,
				55F837D3209995A700ED91BA /* Info.plist */,
			);
			path = honjosuzuTests;
			sourceTree = "<group>";
		};
		55F837DB209995A700ED91BA /* honjosuzuUITests */ = {
			isa = PBXGroup;
			children = (
				55F837DC209995A700ED91BA /* honjosuzuUITests.swift */,
				55F837DE209995A700ED91BA /* Info.plist */,
			);
			path = honjosuzuUITests;
			sourceTree = "<group>";
		};
/* End PBXGroup section */

/* Begin PBXNativeTarget section */
		55F837B8209995A600ED91BA /* honjosuzu */ = {
			isa = PBXNativeTarget;
			buildConfigurationList = 55F837E1209995A700ED91BA /* Build configuration list for PBXNativeTarget "honjosuzu" */;
			buildPhases = (
				55F837B5209995A600ED91BA /* Sources */,
				55F837B6209995A600ED91BA /* Frameworks */,
				55F837B7209995A600ED91BA /* Resources */,
			);
			buildRules = (
			);
			dependencies = (
			);
			name = honjosuzu;
			productName = honjosuzu;
			productReference = 55F837B9209995A600ED91BA /* honjosuzu.app */;
			productType = "com.apple.product-type.application";
		};
		55F837CC209995A700ED91BA /* honjosuzuTests */ = {
			isa = PBXNativeTarget;
			buildConfigurationList = 55F837E4209995A700ED91BA /* Build configuration list for PBXNativeTarget "honjosuzuTests" */;
			buildPhases = (
				55F837C9209995A700ED91BA /* Sources */,
				55F837CA209995A700ED91BA /* Frameworks */,
				55F837CB209995A700ED91BA /* Resources */,
			);
			buildRules = (
			);
			dependencies = (
				55F837CF209995A700ED91BA /* PBXTargetDependency */,
			);
			name = honjosuzuTests;
			productName = honjosuzuTests;
			productReference = 55F837CD209995A700ED91BA /* honjosuzuTests.xctest */;
			productType = "com.apple.product-type.bundle.unit-test";
		};
		55F837D7209995A700ED91BA /* honjosuzuUITests */ = {
			isa = PBXNativeTarget;
			buildConfigurationList = 55F837E7209995A700ED91BA /* Build configuration list for PBXNativeTarget "honjosuzuUITests" */;
			buildPhases = (
				55F837D4209995A700ED91BA /* Sources */,
				55F837D5209995A700ED91BA /* Frameworks */,
				55F837D6209995A700ED91BA /* Resources */,
			);
			buildRules = (
			);
			dependencies = (
				55F837DA209995A700ED91BA /* PBXTargetDependency */,
			);
			name = honjosuzuUITests;
			productName = honjosuzuUITests;
			productReference = 55F837D8209995A700ED91BA /* honjosuzuUITests.xctest */;
			productType = "com.apple.product-type.bundle.ui-testing";
		};
/* End PBXNativeTarget section */

/* Begin PBXProject section */
		55F837B1209995A600ED91BA /* Project object */ = {
			isa = PBXProject;
			attributes = {
				LastSwiftUpdateCheck = 0930;
				LastUpgradeCheck = 0930;
				ORGANIZATIONNAME = User03;
				TargetAttributes = {
					55F837B8209995A600ED91BA = {
						CreatedOnToolsVersion = 9.3;
					};
					55F837CC209995A700ED91BA = {
						CreatedOnToolsVersion = 9.3;
						TestTargetID = 55F837B8209995A600ED91BA;
					};
					55F837D7209995A700ED91BA = {
						CreatedOnToolsVersion = 9.3;
						TestTargetID = 55F837B8209995A600ED91BA;
					};
				};
			};
			buildConfigurationList = 55F837B4209995A600ED91BA /* Build configuration list for PBXProject "honjosuzu" */;
			compatibilityVersion = "Xcode 9.3";
			developmentRegion = en;
			hasScannedForEncodings = 0;
			knownRegions = (
				en,
				Base,
			);
			mainGroup = 55F837B0209995A600ED91BA;
			productRefGroup = 55F837BA209995A600ED91BA /* Products */;
			projectDirPath = "";
			projectRoot = "";
			targets = (
				55F837B8209995A600ED91BA /* honjosuzu */,
				55F837CC209995A700ED91BA /* honjosuzuTests */,
				55F837D7209995A700ED91BA /* honjosuzuUITests */,
			);
		};
/* End PBXProject section */

/* Begin PBXResourcesBuildPhase section */
		55F837B7209995A600ED91BA /* Resources */ = {
			isa = PBXResourcesBuildPhase;
			buildActionMask = 2147483647;
			files = (
				55F837C7209995A700ED91BA /* LaunchScreen.storyboard in Resources */,
				55F837EB2099981600ED91BA /* Media.xcassets in Resources */,
				55F837C2209995A600ED91BA /* Main.storyboard in Resources */,
			);
			runOnlyForDeploymentPostprocessing = 0;
		};
		55F837CB209995A700ED91BA /* Resources */ = {
			isa = PBXResourcesBuildPhase;
			buildActionMask = 2147483647;
			files = (
			);
			runOnlyForDeploymentPostprocessing = 0;
		};
		55F837D6209995A700ED91BA /* Resources */ = {
			isa = PBXResourcesBuildPhase;
			buildActionMask = 2147483647;
			files = (
			);
			runOnlyForDeploymentPostprocessing = 0;
		};
/* End PBXResourcesBuildPhase section */

/* Begin PBXSourcesBuildPhase section */
		55F837B5209995A600ED91BA /* Sources */ = {
			isa = PBXSourcesBuildPhase;
			buildActionMask = 2147483647;
			files = (
				55F837ED2099993000ED91BA /* honjosuzuViewController.swift in Sources */,
				55F837BF209995A600ED91BA /* ViewController.swift in Sources */,
				55F837BD209995A600ED91BA /* AppDelegate.swift in Sources */,
			);
			runOnlyForDeploymentPostprocessing = 0;
		};
		55F837C9209995A700ED91BA /* Sources */ = {
			isa = PBXSourcesBuildPhase;
			buildActionMask = 2147483647;
			files = (
				55F837D2209995A700ED91BA /* honjosuzuTests.swift in Sources */,
			);
			runOnlyForDeploymentPostprocessing = 0;
		};
		55F837D4209995A700ED91BA /* Sources */ = {
			isa = PBXSourcesBuildPhase;
			buildActionMask = 2147483647;
			files = (
				55F837DD209995A700ED91BA /* honjosuzuUITests.swift in Sources */,
			);
			runOnlyForDeploymentPostprocessing = 0;
		};
/* End PBXSourcesBuildPhase section */

/* Begin PBXTargetDependency section */
		55F837CF209995A700ED91BA /* PBXTargetDependency */ = {
			isa = PBXTargetDependency;
			target = 55F837B8209995A600ED91BA /* honjosuzu */;
			targetProxy = 55F837CE209995A700ED91BA /* PBXContainerItemProxy */;
		};
		55F837DA209995A700ED91BA /* PBXTargetDependency */ = {
			isa = PBXTargetDependency;
			target = 55F837B8209995A600ED91BA /* honjosuzu */;
			targetProxy = 55F837D9209995A700ED91BA /* PBXContainerItemProxy */;
		};
/* End PBXTargetDependency section */

/* Begin PBXVariantGroup section */
		55F837C0209995A600ED91BA /* Main.storyboard */ = {
			isa = PBXVariantGroup;
			children = (
				55F837C1209995A600ED91BA /* Base */,
			);
			name = Main.storyboard;
			sourceTree = "<group>";
		};
		55F837C5209995A700ED91BA /* LaunchScreen.storyboard */ = {
			isa = PBXVariantGroup;
			children = (
				55F837C6209995A700ED91BA /* Base */,
			);
			name = LaunchScreen.storyboard;
			sourceTree = "<group>";
		};
/* End PBXVariantGroup section */

/* Begin XCBuildConfiguration section */
		55F837DF209995A700ED91BA /* Debug */ = {
			isa = XCBuildConfiguration;
			buildSettings = {
				ALWAYS_SEARCH_USER_PATHS = NO;
				CLANG_ANALYZER_NONNULL = YES;
				CLANG_ANALYZER_NUMBER_OBJECT_CONVERSION = YES_AGGRESSIVE;
				CLANG_CXX_LANGUAGE_STANDARD = "gnu++14";
				CLANG_CXX_LIBRARY = "libc++";
				CLANG_ENABLE_MODULES = YES;
				CLANG_ENABLE_OBJC_ARC = YES;
				CLANG_ENABLE_OBJC_WEAK = YES;
				CLANG_WARN_BLOCK_CAPTURE_AUTORELEASING = YES;
				CLANG_WARN_BOOL_CONVERSION = YES;
				CLANG_WARN_COMMA = YES;
				CLANG_WARN_CONSTANT_CONVERSION = YES;
				CLANG_WARN_DEPRECATED_OBJC_IMPLEMENTATIONS = YES;
				CLANG_WARN_DIRECT_OBJC_ISA_USAGE = YES_ERROR;
				CLANG_WARN_DOCUMENTATION_COMMENTS = YES;
				CLANG_WARN_EMPTY_BODY = YES;
				CLANG_WARN_ENUM_CONVERSION = YES;
				CLANG_WARN_INFINITE_RECURSION = YES;
				CLANG_WARN_INT_CONVERSION = YES;
				CLANG_WARN_NON_LITERAL_NULL_CONVERSION = YES;
				CLANG_WARN_OBJC_IMPLICIT_RETAIN_SELF = YES;
				CLANG_WARN_OBJC_LITERAL_CONVERSION = YES;
				CLANG_WARN_OBJC_ROOT_CLASS = YES_ERROR;
				CLANG_WARN_RANGE_LOOP_ANALYSIS = YES;
				CLANG_WARN_STRICT_PROTOTYPES = YES;
				CLANG_WARN_SUSPICIOUS_MOVE = YES;
				CLANG_WARN_UNGUARDED_AVAILABILITY = YES_AGGRESSIVE;
				CLANG_WARN_UNREACHABLE_CODE = YES;
				CLANG_WARN__DUPLICATE_METHOD_MATCH = YES;
				CODE_SIGN_IDENTITY = "iPhone Developer";
				COPY_PHASE_STRIP = NO;
				DEBUG_INFORMATION_FORMAT = dwarf;
				ENABLE_STRICT_OBJC_MSGSEND = YES;
				ENABLE_TESTABILITY = YES;
				GCC_C_LANGUAGE_STANDARD = gnu11;
				GCC_DYNAMIC_NO_PIC = NO;
				GCC_NO_COMMON_BLOCKS = YES;
				GCC_OPTIMIZATION_LEVEL = 0;
				GCC_PREPROCESSOR_DEFINITIONS = (
					"DEBUG=1",
					"$(inherited)",
				);
				GCC_WARN_64_TO_32_BIT_CONVERSION = YES;
				GCC_WARN_ABOUT_RETURN_TYPE = YES_ERROR;
				GCC_WARN_UNDECLARED_SELECTOR = YES;
				GCC_WARN_UNINITIALIZED_AUTOS = YES_AGGRESSIVE;
				GCC_WARN_UNUSED_FUNCTION = YES;
				GCC_WARN_UNUSED_VARIABLE = YES;
				IPHONEOS_DEPLOYMENT_TARGET = 11.3;
				MTL_ENABLE_DEBUG_INFO = YES;
				ONLY_ACTIVE_ARCH = YES;
				SDKROOT = iphoneos;
				SWIFT_ACTIVE_COMPILATION_CONDITIONS = DEBUG;
				SWIFT_OPTIMIZATION_LEVEL = "-Onone";
			};
			name = Debug;
		};
		55F837E0209995A700ED91BA /* Release */ = {
			isa = XCBuildConfiguration;
			buildSettings = {
				ALWAYS_SEARCH_USER_PATHS = NO;
				CLANG_ANALYZER_NONNULL = YES;
				CLANG_ANALYZER_NUMBER_OBJECT_CONVERSION = YES_AGGRESSIVE;
				CLANG_CXX_LANGUAGE_STANDARD = "gnu++14";
				CLANG_CXX_LIBRARY = "libc++";
				CLANG_ENABLE_MODULES = YES;
				CLANG_ENABLE_OBJC_ARC = YES;
				CLANG_ENABLE_OBJC_WEAK = YES;
				CLANG_WARN_BLOCK_CAPTURE_AUTORELEASING = YES;
				CLANG_WARN_BOOL_CONVERSION = YES;
				CLANG_WARN_COMMA = YES;
				CLANG_WARN_CONSTANT_CONVERSION = YES;
				CLANG_WARN_DEPRECATED_OBJC_IMPLEMENTATIONS = YES;
				CLANG_WARN_DIRECT_OBJC_ISA_USAGE = YES_ERROR;
				CLANG_WARN_DOCUMENTATION_COMMENTS = YES;
				CLANG_WARN_EMPTY_BODY = YES;
				CLANG_WARN_ENUM_CONVERSION = YES;
				CLANG_WARN_INFINITE_RECURSION = YES;
				CLANG_WARN_INT_CONVERSION = YES;
				CLANG_WARN_NON_LITERAL_NULL_CONVERSION = YES;
				CLANG_WARN_OBJC_IMPLICIT_RETAIN_SELF = YES;
				CLANG_WARN_OBJC_LITERAL_CONVERSION = YES;
				CLANG_WARN_OBJC_ROOT_CLASS = YES_ERROR;
				CLANG_WARN_RANGE_LOOP_ANALYSIS = YES;
				CLANG_WARN_STRICT_PROTOTYPES = YES;
				CLANG_WARN_SUSPICIOUS_MOVE = YES;
				CLANG_WARN_UNGUARDED_AVAILABILITY = YES_AGGRESSIVE;
				CLANG_WARN_UNREACHABLE_CODE = YES;
				CLANG_WARN__DUPLICATE_METHOD_MATCH = YES;
				CODE_SIGN_IDENTITY = "iPhone Developer";
				COPY_PHASE_STRIP = NO;
				DEBUG_INFORMATION_FORMAT = "dwarf-with-dsym";
				ENABLE_NS_ASSERTIONS = NO;
				ENABLE_STRICT_OBJC_MSGSEND = YES;
				GCC_C_LANGUAGE_STANDARD = gnu11;
				GCC_NO_COMMON_BLOCKS = YES;
				GCC_WARN_64_TO_32_BIT_CONVERSION = YES;
				GCC_WARN_ABOUT_RETURN_TYPE = YES_ERROR;
				GCC_WARN_UNDECLARED_SELECTOR = YES;
				GCC_WARN_UNINITIALIZED_AUTOS = YES_AGGRESSIVE;
				GCC_WARN_UNUSED_FUNCTION = YES;
				GCC_WARN_UNUSED_VARIABLE = YES;
				IPHONEOS_DEPLOYMENT_TARGET = 11.3;
				MTL_ENABLE_DEBUG_INFO = NO;
				SDKROOT = iphoneos;
				SWIFT_COMPILATION_MODE = wholemodule;
				SWIFT_OPTIMIZATION_LEVEL = "-O";
				VALIDATE_PRODUCT = YES;
			};
			name = Release;
		};
		55F837E2209995A700ED91BA /* Debug */ = {
			isa = XCBuildConfiguration;
			buildSettings = {
				CODE_SIGN_STYLE = Automatic;
				INFOPLIST_FILE = honjosuzu/Info.plist;
				LD_RUNPATH_SEARCH_PATHS = (
					"$(inherited)",
					"@executable_path/Frameworks",
				);
				PRODUCT_BUNDLE_IDENTIFIER = com.demo.honjosuzu;
				PRODUCT_NAME = "$(TARGET_NAME)";
				SWIFT_VERSION = 4.0;
				TARGETED_DEVICE_FAMILY = "1,2";
			};
			name = Debug;
		};
		55F837E3209995A700ED91BA /* Release */ = {
			isa = XCBuildConfiguration;
			buildSettings = {
				CODE_SIGN_STYLE = Automatic;
				INFOPLIST_FILE = honjosuzu/Info.plist;
				LD_RUNPATH_SEARCH_PATHS = (
					"$(inherited)",
					"@executable_path/Frameworks",
				);
				PRODUCT_BUNDLE_IDENTIFIER = com.demo.honjosuzu;
				PRODUCT_NAME = "$(TARGET_NAME)";
				SWIFT_VERSION = 4.0;
				TARGETED_DEVICE_FAMILY = "1,2";
			};
			name = Release;
		};
		55F837E5209995A700ED91BA /* Debug */ = {
			isa = XCBuildConfiguration;
			buildSettings = {
				ALWAYS_EMBED_SWIFT_STANDARD_LIBRARIES = YES;
				BUNDLE_LOADER = "$(TEST_HOST)";
				CODE_SIGN_STYLE = Automatic;
				INFOPLIST_FILE = honjosuzuTests/Info.plist;
				LD_RUNPATH_SEARCH_PATHS = (
					"$(inherited)",
					"@executable_path/Frameworks",
					"@loader_path/Frameworks",
				);
				PRODUCT_BUNDLE_IDENTIFIER = com.demo.honjosuzuTests;
				PRODUCT_NAME = "$(TARGET_NAME)";
				SWIFT_VERSION = 4.0;
				TARGETED_DEVICE_FAMILY = "1,2";
				TEST_HOST = "$(BUILT_PRODUCTS_DIR)/honjosuzu.app/honjosuzu";
			};
			name = Debug;
		};
		55F837E6209995A700ED91BA /* Release */ = {
			isa = XCBuildConfiguration;
			buildSettings = {
				ALWAYS_EMBED_SWIFT_STANDARD_LIBRARIES = YES;
				BUNDLE_LOADER = "$(TEST_HOST)";
				CODE_SIGN_STYLE = Automatic;
				INFOPLIST_FILE = honjosuzuTests/Info.plist;
				LD_RUNPATH_SEARCH_PATHS = (
					"$(inherited)",
					"@executable_path/Frameworks",
					"@loader_path/Frameworks",
				);
				PRODUCT_BUNDLE_IDENTIFIER = com.demo.honjosuzuTests;
				PRODUCT_NAME = "$(TARGET_NAME)";
				SWIFT_VERSION = 4.0;
				TARGETED_DEVICE_FAMILY = "1,2";
				TEST_HOST = "$(BUILT_PRODUCTS_DIR)/honjosuzu.app/honjosuzu";
			};
			name = Release;
		};
		55F837E8209995A700ED91BA /* Debug */ = {
			isa = XCBuildConfiguration;
			buildSettings = {
				ALWAYS_EMBED_SWIFT_STANDARD_LIBRARIES = YES;
				CODE_SIGN_STYLE = Automatic;
				INFOPLIST_FILE = honjosuzuUITests/Info.plist;
				LD_RUNPATH_SEARCH_PATHS = (
					"$(inherited)",
					"@executable_path/Frameworks",
					"@loader_path/Frameworks",
				);
				PRODUCT_BUNDLE_IDENTIFIER = com.demo.honjosuzuUITests;
				PRODUCT_NAME = "$(TARGET_NAME)";
				SWIFT_VERSION = 4.0;
				TARGETED_DEVICE_FAMILY = "1,2";
				TEST_TARGET_NAME = honjosuzu;
			};
			name = Debug;
		};
		55F837E9209995A700ED91BA /* Release */ = {
			isa = XCBuildConfiguration;
			buildSettings = {
				ALWAYS_EMBED_SWIFT_STANDARD_LIBRARIES = YES;
				CODE_SIGN_STYLE = Automatic;
				INFOPLIST_FILE = honjosuzuUITests/Info.plist;
				LD_RUNPATH_SEARCH_PATHS = (
					"$(inherited)",
					"@executable_path/Frameworks",
					"@loader_path/Frameworks",
				);
				PRODUCT_BUNDLE_IDENTIFIER = com.demo.honjosuzuUITests;
				PRODUCT_NAME = "$(TARGET_NAME)";
				SWIFT_VERSION = 4.0;
				TARGETED_DEVICE_FAMILY = "1,2";
				TEST_TARGET_NAME = honjosuzu;
			};
			name = Release;
		};
/* End XCBuildConfiguration section */

/* Begin XCConfigurationList section */
		55F837B4209995A600ED91BA /* Build configuration list for PBXProject "honjosuzu" */ = {
			isa = XCConfigurationList;
			buildConfigurations = (
				55F837DF209995A700ED91BA /* Debug */,
				55F837E0209995A700ED91BA /* Release */,
			);
			defaultConfigurationIsVisible = 0;
			defaultConfigurationName = Release;
		};
		55F837E1209995A700ED91BA /* Build configuration list for PBXNativeTarget "honjosuzu" */ = {
			isa = XCConfigurationList;
			buildConfigurations = (
				55F837E2209995A700ED91BA /* Debug */,
				55F837E3209995A700ED91BA /* Release */,
			);
			defaultConfigurationIsVisible = 0;
			defaultConfigurationName = Release;
		};
		55F837E4209995A700ED91BA /* Build configuration list for PBXNativeTarget "honjosuzuTests" */ = {
			isa = XCConfigurationList;
			buildConfigurations = (
				55F837E5209995A700ED91BA /* Debug */,
				55F837E6209995A700ED91BA /* Release */,
			);
			defaultConfigurationIsVisible = 0;
			defaultConfigurationName = Release;
		};
		55F837E7209995A700ED91BA /* Build configuration list for PBXNativeTarget "honjosuzuUITests" */ = {
			isa = XCConfigurationList;
			buildConfigurations = (
				55F837E8209995A700ED91BA /* Debug */,
				55F837E9209995A700ED91BA /* Release */,
			);
			defaultConfigurationIsVisible = 0;
			defaultConfigurationName = Release;
		};
/* End XCConfigurationList section */
	};
	rootObject = 55F837B1209995A600ED91BA /* Project object */;
}
